
Microsoft Visual Studio Solution File, Format Version 12.00
# Visual Studio 15
Project("{FAE04EC0-301F-11D3-BF4B-00C04F79EFBC}") = "Unity.RenderPipelines.Universal.Editor", "Unity.RenderPipelines.Universal.Editor.csproj", "{170A4C62-089D-EDE4-8CDC-933DB3AAECBB}"
EndProject
Project("{FAE04EC0-301F-11D3-BF4B-00C04F79EFBC}") = "Unity.InputSystem", "Unity.InputSystem.csproj", "{41BA40F0-5AB0-B903-3B5F-84960D858228}"
EndProject
Project("{FAE04EC0-301F-11D3-BF4B-00C04F79EFBC}") = "Unity.XR.Simulation", "Unity.XR.Simulation.csproj", "{A047E165-0310-9935-799A-B830DB989B62}"
EndProject
Project("{FAE04EC0-301F-11D3-BF4B-00C04F79EFBC}") = "Unity.ShaderGraph.Editor", "Unity.ShaderGraph.Editor.csproj", "{8C7C5CA3-A4FD-4AB6-A873-936B13E17FDA}"
EndProject
Project("{FAE04EC0-301F-11D3-BF4B-00C04F79EFBC}") = "Unity.TextMeshPro.Editor", "Unity.TextMeshPro.Editor.csproj", "{726211FD-14AB-7C05-AD46-A2EB22C7BCFC}"
EndProject
Project("{FAE04EC0-301F-11D3-BF4B-00C04F79EFBC}") = "Unity.XR.Management", "Unity.XR.Management.csproj", "{34170DB3-03F2-F74F-367D-D57BC7647533}"
EndProject
Project("{FAE04EC0-301F-11D3-BF4B-00C04F79EFBC}") = "Unity.XR.ARFoundation.Editor", "Unity.XR.ARFoundation.Editor.csproj", "{4CD86DFA-A9BB-4F36-70A2-F7EC5B731BB8}"
EndProject
Project("{FAE04EC0-301F-11D3-BF4B-00C04F79EFBC}") = "Unity.XR.Interaction.Toolkit", "Unity.XR.Interaction.Toolkit.csproj", "{B377B35B-8F3E-09D1-2D0C-C7252763518E}"
EndProject
Project("{FAE04EC0-301F-11D3-BF4B-00C04F79EFBC}") = "Unity.RenderPipelines.Universal.Runtime", "Unity.RenderPipelines.Universal.Runtime.csproj", "{5CEA0944-87C2-5952-C74C-678C4F05B5D8}"
EndProject
Project("{FAE04EC0-301F-11D3-BF4B-00C04F79EFBC}") = "UnityEditor.UI", "UnityEditor.UI.csproj", "{A734F417-0291-C298-686F-742FA41EE597}"
EndProject
Project("{FAE04EC0-301F-11D3-BF4B-00C04F79EFBC}") = "Unity.XR.CoreUtils.Editor", "Unity.XR.CoreUtils.Editor.csproj", "{FC5009AC-869B-A7CD-C516-FDF98686C756}"
EndProject
Project("{FAE04EC0-301F-11D3-BF4B-00C04F79EFBC}") = "Unity.RenderPipelines.Core.Runtime", "Unity.RenderPipelines.Core.Runtime.csproj", "{09F9BE76-0FE3-12F8-8EBB-674AC9752EDE}"
EndProject
Project("{FAE04EC0-301F-11D3-BF4B-00C04F79EFBC}") = "Unity.XR.ARCore", "Unity.XR.ARCore.csproj", "{76DE901A-5909-4111-1DDC-298A0993D42A}"
EndProject
Project("{FAE04EC0-301F-11D3-BF4B-00C04F79EFBC}") = "Unity.Mathematics", "Unity.Mathematics.csproj", "{82805C68-7B51-8034-8072-883B5AB1F0CD}"
EndProject
Project("{FAE04EC0-301F-11D3-BF4B-00C04F79EFBC}") = "Unity.RenderPipelines.Core.Editor", "Unity.RenderPipelines.Core.Editor.csproj", "{7B9752B0-2160-64BE-9BE6-A5AE99AD5946}"
EndProject
Project("{FAE04EC0-301F-11D3-BF4B-00C04F79EFBC}") = "UnityEditor.TestRunner", "UnityEditor.TestRunner.csproj", "{EEA29409-3E05-F73E-0FED-29112A43996F}"
EndProject
Project("{FAE04EC0-301F-11D3-BF4B-00C04F79EFBC}") = "Unity.XR.ARSubsystems", "Unity.XR.ARSubsystems.csproj", "{872D8BDB-30F6-FEB7-C3F0-621B11209F14}"
EndProject
Project("{FAE04EC0-301F-11D3-BF4B-00C04F79EFBC}") = "Unity.XR.CoreUtils", "Unity.XR.CoreUtils.csproj", "{B9B04352-E326-B036-B815-B4CAC4A4B596}"
EndProject
Project("{FAE04EC0-301F-11D3-BF4B-00C04F79EFBC}") = "Unity.XR.ARFoundation", "Unity.XR.ARFoundation.csproj", "{CB77D535-9F8B-0B19-FD8E-B6C68D9BE9F4}"
EndProject
Project("{FAE04EC0-301F-11D3-BF4B-00C04F79EFBC}") = "UnityEngine.TestRunner", "UnityEngine.TestRunner.csproj", "{9BBE1C87-5266-DBC7-56A2-DD696DB74808}"
EndProject
Project("{FAE04EC0-301F-11D3-BF4B-00C04F79EFBC}") = "Unity.Searcher.Editor", "Unity.Searcher.Editor.csproj", "{AD7C08D9-ECD2-486B-C89F-6A78EC1CDABB}"
EndProject
Project("{FAE04EC0-301F-11D3-BF4B-00C04F79EFBC}") = "Unity.Burst", "Unity.Burst.csproj", "{BB2F08A1-F9EF-AE68-8DB6-674BB9EFAE2E}"
EndProject
Project("{FAE04EC0-301F-11D3-BF4B-00C04F79EFBC}") = "Unity.XR.Management.Editor", "Unity.XR.Management.Editor.csproj", "{C30B6611-DEE3-C604-2F8D-2319DE91FF0E}"
EndProject
Project("{FAE04EC0-301F-11D3-BF4B-00C04F79EFBC}") = "Assembly-CSharp", "Assembly-CSharp.csproj", "{62BD5EEF-B585-CE82-563F-915E3A96E1B4}"
EndProject
Project("{FAE04EC0-301F-11D3-BF4B-00C04F79EFBC}") = "UnityEngine.UI", "UnityEngine.UI.csproj", "{9E8314F3-F75D-445D-0E01-625D55A95E63}"
EndProject
Project("{FAE04EC0-301F-11D3-BF4B-00C04F79EFBC}") = "Unity.VisualStudio.Editor", "Unity.VisualStudio.Editor.csproj", "{16CD68DE-C2A9-1DF0-9044-7F534EC18700}"
EndProject
Project("{FAE04EC0-301F-11D3-BF4B-00C04F79EFBC}") = "Unity.XR.ARFoundation.VisualScripting", "Unity.XR.ARFoundation.VisualScripting.csproj", "{F9B0E17B-CE99-3D6E-8B63-D611DF31832B}"
EndProject
Project("{FAE04EC0-301F-11D3-BF4B-00C04F79EFBC}") = "PPv2URPConverters", "PPv2URPConverters.csproj", "{2E1F48DE-5711-219F-5CAF-9879128BB0DC}"
EndProject
Project("{FAE04EC0-301F-11D3-BF4B-00C04F79EFBC}") = "Unity.XR.Interaction.Toolkit.Editor", "Unity.XR.Interaction.Toolkit.Editor.csproj", "{6B0A460B-6F64-0427-91BA-40A259C55451}"
EndProject
Project("{FAE04EC0-301F-11D3-BF4B-00C04F79EFBC}") = "Unity.XR.ARFoundation.VisualScripting.Editor", "Unity.XR.ARFoundation.VisualScripting.Editor.csproj", "{12A5B663-28C1-293B-5CD3-A67A5E0ABB97}"
EndProject
Project("{FAE04EC0-301F-11D3-BF4B-00C04F79EFBC}") = "Unity.XR.Simulation.Editor", "Unity.XR.Simulation.Editor.csproj", "{1C7EF365-9BEE-66FC-74FF-CDCD9043B889}"
EndProject
Project("{FAE04EC0-301F-11D3-BF4B-00C04F79EFBC}") = "Players-Assembly-Definition", "Players-Assembly-Definition.csproj", "{A7FF078B-03A0-7A40-A7ED-63E79EBF2BB7}"
EndProject
Project("{FAE04EC0-301F-11D3-BF4B-00C04F79EFBC}") = "Assembly", "Assembly.csproj", "{D1A6B70C-1D97-A443-EA42-D598586754C4}"
EndProject
Project("{FAE04EC0-301F-11D3-BF4B-00C04F79EFBC}") = "UnityEditor.XR.LegacyInputHelpers", "UnityEditor.XR.LegacyInputHelpers.csproj", "{20A4E7A2-92DE-3175-BE06-809A64EE3B25}"
EndProject
Project("{FAE04EC0-301F-11D3-BF4B-00C04F79EFBC}") = "Unity.Burst.CodeGen", "Unity.Burst.CodeGen.csproj", "{B1CBAF96-D21B-DA5D-968E-B68972C24EB1}"
EndProject
Project("{FAE04EC0-301F-11D3-BF4B-00C04F79EFBC}") = "Unity.RenderPipeline.Universal.ShaderLibrary", "Unity.RenderPipeline.Universal.ShaderLibrary.csproj", "{84F3F31D-358F-6FDA-B141-C423A31BBAFC}"
EndProject
Project("{FAE04EC0-301F-11D3-BF4B-00C04F79EFBC}") = "Unity.TextMeshPro", "Unity.TextMeshPro.csproj", "{66267D68-0686-AAE6-2E8D-956252477BB0}"
EndProject
Project("{FAE04EC0-301F-11D3-BF4B-00C04F79EFBC}") = "Unity.XR.ARSubsystems.Editor", "Unity.XR.ARSubsystems.Editor.csproj", "{5FD25B39-AD08-CAD7-CA55-414D330FD08B}"
EndProject
Project("{FAE04EC0-301F-11D3-BF4B-00C04F79EFBC}") = "Unity.InputSystem.TestFramework", "Unity.InputSystem.TestFramework.csproj", "{9FCEAF69-B36A-7EC3-CE7D-BED927FA7921}"
EndProject
Project("{FAE04EC0-301F-11D3-BF4B-00C04F79EFBC}") = "Unity.Burst.Editor", "Unity.Burst.Editor.csproj", "{FBC4AB58-D3A5-46AA-7D01-D9B4272E6598}"
EndProject
Project("{FAE04EC0-301F-11D3-BF4B-00C04F79EFBC}") = "UnityEditor.SpatialTracking", "UnityEditor.SpatialTracking.csproj", "{468CF49F-4646-9E57-9ACB-86FB5EFC8C56}"
EndProject
Project("{FAE04EC0-301F-11D3-BF4B-00C04F79EFBC}") = "Unity.XR.ARCore.Editor", "Unity.XR.ARCore.Editor.csproj", "{29A2CCF6-67AB-423C-A4F6-EA486871CB18}"
EndProject
Project("{FAE04EC0-301F-11D3-BF4B-00C04F79EFBC}") = "Unity.XR.ARAnalytics.Editor", "Unity.XR.ARAnalytics.Editor.csproj", "{85E9A44C-995E-0228-D1B3-2491234CC4B8}"
EndProject
Project("{FAE04EC0-301F-11D3-BF4B-00C04F79EFBC}") = "Unity.XR.ARFoundation.InternalUtils", "Unity.XR.ARFoundation.InternalUtils.csproj", "{105B1B0F-EBD0-2BA4-A1E2-883BFC6339F4}"
EndProject
Project("{FAE04EC0-301F-11D3-BF4B-00C04F79EFBC}") = "UnityEngine.SpatialTracking", "UnityEngine.SpatialTracking.csproj", "{65AA1A18-AE05-2F7B-B049-86675015BE50}"
EndProject
Project("{FAE04EC0-301F-11D3-BF4B-00C04F79EFBC}") = "Unity.ShaderGraph.Utilities", "Unity.ShaderGraph.Utilities.csproj", "{4160173D-19AE-E17C-EBEE-B4F8460545AF}"
EndProject
Project("{FAE04EC0-301F-11D3-BF4B-00C04F79EFBC}") = "Assembly-CSharp-Editor", "Assembly-CSharp-Editor.csproj", "{BE4CB3CD-0D69-9D71-BD33-CEE2BE72AD23}"
EndProject
Project("{FAE04EC0-301F-11D3-BF4B-00C04F79EFBC}") = "Unity.InputSystem.ForUI", "Unity.InputSystem.ForUI.csproj", "{8D452628-CA05-A1E9-3E08-5D1594CE5AAB}"
EndProject
Project("{FAE04EC0-301F-11D3-BF4B-00C04F79EFBC}") = "Unity.EditorCoroutines.Editor", "Unity.EditorCoroutines.Editor.csproj", "{B04DE5D1-BFDE-ECC4-51CC-F12922783ACF}"
EndProject
Project("{FAE04EC0-301F-11D3-BF4B-00C04F79EFBC}") = "Unity.Mathematics.Editor", "Unity.Mathematics.Editor.csproj", "{84B73B27-8837-73E8-7499-1031B9C7175F}"
EndProject
Project("{FAE04EC0-301F-11D3-BF4B-00C04F79EFBC}") = "UnityEngine.XR.LegacyInputHelpers", "UnityEngine.XR.LegacyInputHelpers.csproj", "{0542BB26-8AFC-FD1A-8987-19BEC3E2415C}"
EndProject
Project("{FAE04EC0-301F-11D3-BF4B-00C04F79EFBC}") = "Unity.RenderPipelines.Universal.Config.Runtime", "Unity.RenderPipelines.Universal.Config.Runtime.csproj", "{48D0E2D9-EFD9-FDA2-3BDA-65E1D68D6CBC}"
EndProject
Project("{FAE04EC0-301F-11D3-BF4B-00C04F79EFBC}") = "Unity.RenderPipelines.ShaderGraph.ShaderGraphLibrary", "Unity.RenderPipelines.ShaderGraph.ShaderGraphLibrary.csproj", "{17DE86C0-C525-95D9-1260-66631530F66E}"
EndProject
Project("{FAE04EC0-301F-11D3-BF4B-00C04F79EFBC}") = "Unity.RenderPipelines.Core.ShaderLibrary", "Unity.RenderPipelines.Core.ShaderLibrary.csproj", "{32F7873A-5DB7-0FC8-3D15-580694E1FCFE}"
EndProject
Project("{FAE04EC0-301F-11D3-BF4B-00C04F79EFBC}") = "Unity.RenderPipelines.Universal.Shaders", "Unity.RenderPipelines.Universal.Shaders.csproj", "{6693EC27-DF76-B772-6571-7852BD099A37}"
EndProject
Global
	GlobalSection(SolutionConfigurationPlatforms) = preSolution
		Debug|Any CPU = Debug|Any CPU
		Release|Any CPU = Release|Any CPU
	EndGlobalSection
	GlobalSection(ProjectConfigurationPlatforms) = postSolution
		{170A4C62-089D-EDE4-8CDC-933DB3AAECBB}.Debug|Any CPU.ActiveCfg = Debug|Any CPU
		{170A4C62-089D-EDE4-8CDC-933DB3AAECBB}.Debug|Any CPU.Build.0 = Debug|Any CPU
		{170A4C62-089D-EDE4-8CDC-933DB3AAECBB}.Release|Any CPU.ActiveCfg = Release|Any CPU
		{170A4C62-089D-EDE4-8CDC-933DB3AAECBB}.Release|Any CPU.Build.0 = Release|Any CPU
		{41BA40F0-5AB0-B903-3B5F-84960D858228}.Debug|Any CPU.ActiveCfg = Debug|Any CPU
		{41BA40F0-5AB0-B903-3B5F-84960D858228}.Debug|Any CPU.Build.0 = Debug|Any CPU
		{41BA40F0-5AB0-B903-3B5F-84960D858228}.Release|Any CPU.ActiveCfg = Release|Any CPU
		{41BA40F0-5AB0-B903-3B5F-84960D858228}.Release|Any CPU.Build.0 = Release|Any CPU
		{A047E165-0310-9935-799A-B830DB989B62}.Debug|Any CPU.ActiveCfg = Debug|Any CPU
		{A047E165-0310-9935-799A-B830DB989B62}.Debug|Any CPU.Build.0 = Debug|Any CPU
		{A047E165-0310-9935-799A-B830DB989B62}.Release|Any CPU.ActiveCfg = Release|Any CPU
		{A047E165-0310-9935-799A-B830DB989B62}.Release|Any CPU.Build.0 = Release|Any CPU
		{8C7C5CA3-A4FD-4AB6-A873-936B13E17FDA}.Debug|Any CPU.ActiveCfg = Debug|Any CPU
		{8C7C5CA3-A4FD-4AB6-A873-936B13E17FDA}.Debug|Any CPU.Build.0 = Debug|Any CPU
		{8C7C5CA3-A4FD-4AB6-A873-936B13E17FDA}.Release|Any CPU.ActiveCfg = Release|Any CPU
		{8C7C5CA3-A4FD-4AB6-A873-936B13E17FDA}.Release|Any CPU.Build.0 = Release|Any CPU
		{726211FD-14AB-7C05-AD46-A2EB22C7BCFC}.Debug|Any CPU.ActiveCfg = Debug|Any CPU
		{726211FD-14AB-7C05-AD46-A2EB22C7BCFC}.Debug|Any CPU.Build.0 = Debug|Any CPU
		{726211FD-14AB-7C05-AD46-A2EB22C7BCFC}.Release|Any CPU.ActiveCfg = Release|Any CPU
		{726211FD-14AB-7C05-AD46-A2EB22C7BCFC}.Release|Any CPU.Build.0 = Release|Any CPU
		{34170DB3-03F2-F74F-367D-D57BC7647533}.Debug|Any CPU.ActiveCfg = Debug|Any CPU
		{34170DB3-03F2-F74F-367D-D57BC7647533}.Debug|Any CPU.Build.0 = Debug|Any CPU
		{34170DB3-03F2-F74F-367D-D57BC7647533}.Release|Any CPU.ActiveCfg = Release|Any CPU
		{34170DB3-03F2-F74F-367D-D57BC7647533}.Release|Any CPU.Build.0 = Release|Any CPU
		{4CD86DFA-A9BB-4F36-70A2-F7EC5B731BB8}.Debug|Any CPU.ActiveCfg = Debug|Any CPU
		{4CD86DFA-A9BB-4F36-70A2-F7EC5B731BB8}.Debug|Any CPU.Build.0 = Debug|Any CPU
		{4CD86DFA-A9BB-4F36-70A2-F7EC5B731BB8}.Release|Any CPU.ActiveCfg = Release|Any CPU
		{4CD86DFA-A9BB-4F36-70A2-F7EC5B731BB8}.Release|Any CPU.Build.0 = Release|Any CPU
		{B377B35B-8F3E-09D1-2D0C-C7252763518E}.Debug|Any CPU.ActiveCfg = Debug|Any CPU
		{B377B35B-8F3E-09D1-2D0C-C7252763518E}.Debug|Any CPU.Build.0 = Debug|Any CPU
		{B377B35B-8F3E-09D1-2D0C-C7252763518E}.Release|Any CPU.ActiveCfg = Release|Any CPU
		{B377B35B-8F3E-09D1-2D0C-C7252763518E}.Release|Any CPU.Build.0 = Release|Any CPU
		{5CEA0944-87C2-5952-C74C-678C4F05B5D8}.Debug|Any CPU.ActiveCfg = Debug|Any CPU
		{5CEA0944-87C2-5952-C74C-678C4F05B5D8}.Debug|Any CPU.Build.0 = Debug|Any CPU
		{5CEA0944-87C2-5952-C74C-678C4F05B5D8}.Release|Any CPU.ActiveCfg = Release|Any CPU
		{5CEA0944-87C2-5952-C74C-678C4F05B5D8}.Release|Any CPU.Build.0 = Release|Any CPU
		{A734F417-0291-C298-686F-742FA41EE597}.Debug|Any CPU.ActiveCfg = Debug|Any CPU
		{A734F417-0291-C298-686F-742FA41EE597}.Debug|Any CPU.Build.0 = Debug|Any CPU
		{A734F417-0291-C298-686F-742FA41EE597}.Release|Any CPU.ActiveCfg = Release|Any CPU
		{A734F417-0291-C298-686F-742FA41EE597}.Release|Any CPU.Build.0 = Release|Any CPU
		{FC5009AC-869B-A7CD-C516-FDF98686C756}.Debug|Any CPU.ActiveCfg = Debug|Any CPU
		{FC5009AC-869B-A7CD-C516-FDF98686C756}.Debug|Any CPU.Build.0 = Debug|Any CPU
		{FC5009AC-869B-A7CD-C516-FDF98686C756}.Release|Any CPU.ActiveCfg = Release|Any CPU
		{FC5009AC-869B-A7CD-C516-FDF98686C756}.Release|Any CPU.Build.0 = Release|Any CPU
		{09F9BE76-0FE3-12F8-8EBB-674AC9752EDE}.Debug|Any CPU.ActiveCfg = Debug|Any CPU
		{09F9BE76-0FE3-12F8-8EBB-674AC9752EDE}.Debug|Any CPU.Build.0 = Debug|Any CPU
		{09F9BE76-0FE3-12F8-8EBB-674AC9752EDE}.Release|Any CPU.ActiveCfg = Release|Any CPU
		{09F9BE76-0FE3-12F8-8EBB-674AC9752EDE}.Release|Any CPU.Build.0 = Release|Any CPU
		{76DE901A-5909-4111-1DDC-298A0993D42A}.Debug|Any CPU.ActiveCfg = Debug|Any CPU
		{76DE901A-5909-4111-1DDC-298A0993D42A}.Debug|Any CPU.Build.0 = Debug|Any CPU
		{76DE901A-5909-4111-1DDC-298A0993D42A}.Release|Any CPU.ActiveCfg = Release|Any CPU
		{76DE901A-5909-4111-1DDC-298A0993D42A}.Release|Any CPU.Build.0 = Release|Any CPU
		{82805C68-7B51-8034-8072-883B5AB1F0CD}.Debug|Any CPU.ActiveCfg = Debug|Any CPU
		{82805C68-7B51-8034-8072-883B5AB1F0CD}.Debug|Any CPU.Build.0 = Debug|Any CPU
		{82805C68-7B51-8034-8072-883B5AB1F0CD}.Release|Any CPU.ActiveCfg = Release|Any CPU
		{82805C68-7B51-8034-8072-883B5AB1F0CD}.Release|Any CPU.Build.0 = Release|Any CPU
		{7B9752B0-2160-64BE-9BE6-A5AE99AD5946}.Debug|Any CPU.ActiveCfg = Debug|Any CPU
		{7B9752B0-2160-64BE-9BE6-A5AE99AD5946}.Debug|Any CPU.Build.0 = Debug|Any CPU
		{7B9752B0-2160-64BE-9BE6-A5AE99AD5946}.Release|Any CPU.ActiveCfg = Release|Any CPU
		{7B9752B0-2160-64BE-9BE6-A5AE99AD5946}.Release|Any CPU.Build.0 = Release|Any CPU
		{EEA29409-3E05-F73E-0FED-29112A43996F}.Debug|Any CPU.ActiveCfg = Debug|Any CPU
		{EEA29409-3E05-F73E-0FED-29112A43996F}.Debug|Any CPU.Build.0 = Debug|Any CPU
		{EEA29409-3E05-F73E-0FED-29112A43996F}.Release|Any CPU.ActiveCfg = Release|Any CPU
		{EEA29409-3E05-F73E-0FED-29112A43996F}.Release|Any CPU.Build.0 = Release|Any CPU
		{872D8BDB-30F6-FEB7-C3F0-621B11209F14}.Debug|Any CPU.ActiveCfg = Debug|Any CPU
		{872D8BDB-30F6-FEB7-C3F0-621B11209F14}.Debug|Any CPU.Build.0 = Debug|Any CPU
		{872D8BDB-30F6-FEB7-C3F0-621B11209F14}.Release|Any CPU.ActiveCfg = Release|Any CPU
		{872D8BDB-30F6-FEB7-C3F0-621B11209F14}.Release|Any CPU.Build.0 = Release|Any CPU
		{B9B04352-E326-B036-B815-B4CAC4A4B596}.Debug|Any CPU.ActiveCfg = Debug|Any CPU
		{B9B04352-E326-B036-B815-B4CAC4A4B596}.Debug|Any CPU.Build.0 = Debug|Any CPU
		{B9B04352-E326-B036-B815-B4CAC4A4B596}.Release|Any CPU.ActiveCfg = Release|Any CPU
		{B9B04352-E326-B036-B815-B4CAC4A4B596}.Release|Any CPU.Build.0 = Release|Any CPU
		{CB77D535-9F8B-0B19-FD8E-B6C68D9BE9F4}.Debug|Any CPU.ActiveCfg = Debug|Any CPU
		{CB77D535-9F8B-0B19-FD8E-B6C68D9BE9F4}.Debug|Any CPU.Build.0 = Debug|Any CPU
		{CB77D535-9F8B-0B19-FD8E-B6C68D9BE9F4}.Release|Any CPU.ActiveCfg = Release|Any CPU
		{CB77D535-9F8B-0B19-FD8E-B6C68D9BE9F4}.Release|Any CPU.Build.0 = Release|Any CPU
		{9BBE1C87-5266-DBC7-56A2-DD696DB74808}.Debug|Any CPU.ActiveCfg = Debug|Any CPU
		{9BBE1C87-5266-DBC7-56A2-DD696DB74808}.Debug|Any CPU.Build.0 = Debug|Any CPU
		{9BBE1C87-5266-DBC7-56A2-DD696DB74808}.Release|Any CPU.ActiveCfg = Release|Any CPU
		{9BBE1C87-5266-DBC7-56A2-DD696DB74808}.Release|Any CPU.Build.0 = Release|Any CPU
		{AD7C08D9-ECD2-486B-C89F-6A78EC1CDABB}.Debug|Any CPU.ActiveCfg = Debug|Any CPU
		{AD7C08D9-ECD2-486B-C89F-6A78EC1CDABB}.Debug|Any CPU.Build.0 = Debug|Any CPU
		{AD7C08D9-ECD2-486B-C89F-6A78EC1CDABB}.Release|Any CPU.ActiveCfg = Release|Any CPU
		{AD7C08D9-ECD2-486B-C89F-6A78EC1CDABB}.Release|Any CPU.Build.0 = Release|Any CPU
		{BB2F08A1-F9EF-AE68-8DB6-674BB9EFAE2E}.Debug|Any CPU.ActiveCfg = Debug|Any CPU
		{BB2F08A1-F9EF-AE68-8DB6-674BB9EFAE2E}.Debug|Any CPU.Build.0 = Debug|Any CPU
		{BB2F08A1-F9EF-AE68-8DB6-674BB9EFAE2E}.Release|Any CPU.ActiveCfg = Release|Any CPU
		{BB2F08A1-F9EF-AE68-8DB6-674BB9EFAE2E}.Release|Any CPU.Build.0 = Release|Any CPU
		{C30B6611-DEE3-C604-2F8D-2319DE91FF0E}.Debug|Any CPU.ActiveCfg = Debug|Any CPU
		{C30B6611-DEE3-C604-2F8D-2319DE91FF0E}.Debug|Any CPU.Build.0 = Debug|Any CPU
		{C30B6611-DEE3-C604-2F8D-2319DE91FF0E}.Release|Any CPU.ActiveCfg = Release|Any CPU
		{C30B6611-DEE3-C604-2F8D-2319DE91FF0E}.Release|Any CPU.Build.0 = Release|Any CPU
		{62BD5EEF-B585-CE82-563F-915E3A96E1B4}.Debug|Any CPU.ActiveCfg = Debug|Any CPU
		{62BD5EEF-B585-CE82-563F-915E3A96E1B4}.Debug|Any CPU.Build.0 = Debug|Any CPU
		{62BD5EEF-B585-CE82-563F-915E3A96E1B4}.Release|Any CPU.ActiveCfg = Release|Any CPU
		{62BD5EEF-B585-CE82-563F-915E3A96E1B4}.Release|Any CPU.Build.0 = Release|Any CPU
		{9E8314F3-F75D-445D-0E01-625D55A95E63}.Debug|Any CPU.ActiveCfg = Debug|Any CPU
		{9E8314F3-F75D-445D-0E01-625D55A95E63}.Debug|Any CPU.Build.0 = Debug|Any CPU
		{9E8314F3-F75D-445D-0E01-625D55A95E63}.Release|Any CPU.ActiveCfg = Release|Any CPU
		{9E8314F3-F75D-445D-0E01-625D55A95E63}.Release|Any CPU.Build.0 = Release|Any CPU
		{16CD68DE-C2A9-1DF0-9044-7F534EC18700}.Debug|Any CPU.ActiveCfg = Debug|Any CPU
		{16CD68DE-C2A9-1DF0-9044-7F534EC18700}.Debug|Any CPU.Build.0 = Debug|Any CPU
		{16CD68DE-C2A9-1DF0-9044-7F534EC18700}.Release|Any CPU.ActiveCfg = Release|Any CPU
		{16CD68DE-C2A9-1DF0-9044-7F534EC18700}.Release|Any CPU.Build.0 = Release|Any CPU
		{F9B0E17B-CE99-3D6E-8B63-D611DF31832B}.Debug|Any CPU.ActiveCfg = Debug|Any CPU
		{F9B0E17B-CE99-3D6E-8B63-D611DF31832B}.Debug|Any CPU.Build.0 = Debug|Any CPU
		{F9B0E17B-CE99-3D6E-8B63-D611DF31832B}.Release|Any CPU.ActiveCfg = Release|Any CPU
		{F9B0E17B-CE99-3D6E-8B63-D611DF31832B}.Release|Any CPU.Build.0 = Release|Any CPU
		{2E1F48DE-5711-219F-5CAF-9879128BB0DC}.Debug|Any CPU.ActiveCfg = Debug|Any CPU
		{2E1F48DE-5711-219F-5CAF-9879128BB0DC}.Debug|Any CPU.Build.0 = Debug|Any CPU
		{2E1F48DE-5711-219F-5CAF-9879128BB0DC}.Release|Any CPU.ActiveCfg = Release|Any CPU
		{2E1F48DE-5711-219F-5CAF-9879128BB0DC}.Release|Any CPU.Build.0 = Release|Any CPU
		{6B0A460B-6F64-0427-91BA-40A259C55451}.Debug|Any CPU.ActiveCfg = Debug|Any CPU
		{6B0A460B-6F64-0427-91BA-40A259C55451}.Debug|Any CPU.Build.0 = Debug|Any CPU
		{6B0A460B-6F64-0427-91BA-40A259C55451}.Release|Any CPU.ActiveCfg = Release|Any CPU
		{6B0A460B-6F64-0427-91BA-40A259C55451}.Release|Any CPU.Build.0 = Release|Any CPU
		{12A5B663-28C1-293B-5CD3-A67A5E0ABB97}.Debug|Any CPU.ActiveCfg = Debug|Any CPU
		{12A5B663-28C1-293B-5CD3-A67A5E0ABB97}.Debug|Any CPU.Build.0 = Debug|Any CPU
		{12A5B663-28C1-293B-5CD3-A67A5E0ABB97}.Release|Any CPU.ActiveCfg = Release|Any CPU
		{12A5B663-28C1-293B-5CD3-A67A5E0ABB97}.Release|Any CPU.Build.0 = Release|Any CPU
		{1C7EF365-9BEE-66FC-74FF-CDCD9043B889}.Debug|Any CPU.ActiveCfg = Debug|Any CPU
		{1C7EF365-9BEE-66FC-74FF-CDCD9043B889}.Debug|Any CPU.Build.0 = Debug|Any CPU
		{1C7EF365-9BEE-66FC-74FF-CDCD9043B889}.Release|Any CPU.ActiveCfg = Release|Any CPU
		{1C7EF365-9BEE-66FC-74FF-CDCD9043B889}.Release|Any CPU.Build.0 = Release|Any CPU
		{A7FF078B-03A0-7A40-A7ED-63E79EBF2BB7}.Debug|Any CPU.ActiveCfg = Debug|Any CPU
		{A7FF078B-03A0-7A40-A7ED-63E79EBF2BB7}.Debug|Any CPU.Build.0 = Debug|Any CPU
		{A7FF078B-03A0-7A40-A7ED-63E79EBF2BB7}.Release|Any CPU.ActiveCfg = Release|Any CPU
		{A7FF078B-03A0-7A40-A7ED-63E79EBF2BB7}.Release|Any CPU.Build.0 = Release|Any CPU
		{D1A6B70C-1D97-A443-EA42-D598586754C4}.Debug|Any CPU.ActiveCfg = Debug|Any CPU
		{D1A6B70C-1D97-A443-EA42-D598586754C4}.Debug|Any CPU.Build.0 = Debug|Any CPU
		{D1A6B70C-1D97-A443-EA42-D598586754C4}.Release|Any CPU.ActiveCfg = Release|Any CPU
		{D1A6B70C-1D97-A443-EA42-D598586754C4}.Release|Any CPU.Build.0 = Release|Any CPU
		{20A4E7A2-92DE-3175-BE06-809A64EE3B25}.Debug|Any CPU.ActiveCfg = Debug|Any CPU
		{20A4E7A2-92DE-3175-BE06-809A64EE3B25}.Debug|Any CPU.Build.0 = Debug|Any CPU
		{20A4E7A2-92DE-3175-BE06-809A64EE3B25}.Release|Any CPU.ActiveCfg = Release|Any CPU
		{20A4E7A2-92DE-3175-BE06-809A64EE3B25}.Release|Any CPU.Build.0 = Release|Any CPU
		{B1CBAF96-D21B-DA5D-968E-B68972C24EB1}.Debug|Any CPU.ActiveCfg = Debug|Any CPU
		{B1CBAF96-D21B-DA5D-968E-B68972C24EB1}.Debug|Any CPU.Build.0 = Debug|Any CPU
		{B1CBAF96-D21B-DA5D-968E-B68972C24EB1}.Release|Any CPU.ActiveCfg = Release|Any CPU
		{B1CBAF96-D21B-DA5D-968E-B68972C24EB1}.Release|Any CPU.Build.0 = Release|Any CPU
		{84F3F31D-358F-6FDA-B141-C423A31BBAFC}.Debug|Any CPU.ActiveCfg = Debug|Any CPU
		{84F3F31D-358F-6FDA-B141-C423A31BBAFC}.Debug|Any CPU.Build.0 = Debug|Any CPU
		{84F3F31D-358F-6FDA-B141-C423A31BBAFC}.Release|Any CPU.ActiveCfg = Release|Any CPU
		{84F3F31D-358F-6FDA-B141-C423A31BBAFC}.Release|Any CPU.Build.0 = Release|Any CPU
		{66267D68-0686-AAE6-2E8D-956252477BB0}.Debug|Any CPU.ActiveCfg = Debug|Any CPU
		{66267D68-0686-AAE6-2E8D-956252477BB0}.Debug|Any CPU.Build.0 = Debug|Any CPU
		{66267D68-0686-AAE6-2E8D-956252477BB0}.Release|Any CPU.ActiveCfg = Release|Any CPU
		{66267D68-0686-AAE6-2E8D-956252477BB0}.Release|Any CPU.Build.0 = Release|Any CPU
		{5FD25B39-AD08-CAD7-CA55-414D330FD08B}.Debug|Any CPU.ActiveCfg = Debug|Any CPU
		{5FD25B39-AD08-CAD7-CA55-414D330FD08B}.Debug|Any CPU.Build.0 = Debug|Any CPU
		{5FD25B39-AD08-CAD7-CA55-414D330FD08B}.Release|Any CPU.ActiveCfg = Release|Any CPU
		{5FD25B39-AD08-CAD7-CA55-414D330FD08B}.Release|Any CPU.Build.0 = Release|Any CPU
		{9FCEAF69-B36A-7EC3-CE7D-BED927FA7921}.Debug|Any CPU.ActiveCfg = Debug|Any CPU
		{9FCEAF69-B36A-7EC3-CE7D-BED927FA7921}.Debug|Any CPU.Build.0 = Debug|Any CPU
		{9FCEAF69-B36A-7EC3-CE7D-BED927FA7921}.Release|Any CPU.ActiveCfg = Release|Any CPU
		{9FCEAF69-B36A-7EC3-CE7D-BED927FA7921}.Release|Any CPU.Build.0 = Release|Any CPU
		{FBC4AB58-D3A5-46AA-7D01-D9B4272E6598}.Debug|Any CPU.ActiveCfg = Debug|Any CPU
		{FBC4AB58-D3A5-46AA-7D01-D9B4272E6598}.Debug|Any CPU.Build.0 = Debug|Any CPU
		{FBC4AB58-D3A5-46AA-7D01-D9B4272E6598}.Release|Any CPU.ActiveCfg = Release|Any CPU
		{FBC4AB58-D3A5-46AA-7D01-D9B4272E6598}.Release|Any CPU.Build.0 = Release|Any CPU
		{468CF49F-4646-9E57-9ACB-86FB5EFC8C56}.Debug|Any CPU.ActiveCfg = Debug|Any CPU
		{468CF49F-4646-9E57-9ACB-86FB5EFC8C56}.Debug|Any CPU.Build.0 = Debug|Any CPU
		{468CF49F-4646-9E57-9ACB-86FB5EFC8C56}.Release|Any CPU.ActiveCfg = Release|Any CPU
		{468CF49F-4646-9E57-9ACB-86FB5EFC8C56}.Release|Any CPU.Build.0 = Release|Any CPU
		{29A2CCF6-67AB-423C-A4F6-EA486871CB18}.Debug|Any CPU.ActiveCfg = Debug|Any CPU
		{29A2CCF6-67AB-423C-A4F6-EA486871CB18}.Debug|Any CPU.Build.0 = Debug|Any CPU
		{29A2CCF6-67AB-423C-A4F6-EA486871CB18}.Release|Any CPU.ActiveCfg = Release|Any CPU
		{29A2CCF6-67AB-423C-A4F6-EA486871CB18}.Release|Any CPU.Build.0 = Release|Any CPU
		{85E9A44C-995E-0228-D1B3-2491234CC4B8}.Debug|Any CPU.ActiveCfg = Debug|Any CPU
		{85E9A44C-995E-0228-D1B3-2491234CC4B8}.Debug|Any CPU.Build.0 = Debug|Any CPU
		{85E9A44C-995E-0228-D1B3-2491234CC4B8}.Release|Any CPU.ActiveCfg = Release|Any CPU
		{85E9A44C-995E-0228-D1B3-2491234CC4B8}.Release|Any CPU.Build.0 = Release|Any CPU
		{105B1B0F-EBD0-2BA4-A1E2-883BFC6339F4}.Debug|Any CPU.ActiveCfg = Debug|Any CPU
		{105B1B0F-EBD0-2BA4-A1E2-883BFC6339F4}.Debug|Any CPU.Build.0 = Debug|Any CPU
		{105B1B0F-EBD0-2BA4-A1E2-883BFC6339F4}.Release|Any CPU.ActiveCfg = Release|Any CPU
		{105B1B0F-EBD0-2BA4-A1E2-883BFC6339F4}.Release|Any CPU.Build.0 = Release|Any CPU
		{65AA1A18-AE05-2F7B-B049-86675015BE50}.Debug|Any CPU.ActiveCfg = Debug|Any CPU
		{65AA1A18-AE05-2F7B-B049-86675015BE50}.Debug|Any CPU.Build.0 = Debug|Any CPU
		{65AA1A18-AE05-2F7B-B049-86675015BE50}.Release|Any CPU.ActiveCfg = Release|Any CPU
		{65AA1A18-AE05-2F7B-B049-86675015BE50}.Release|Any CPU.Build.0 = Release|Any CPU
		{4160173D-19AE-E17C-EBEE-B4F8460545AF}.Debug|Any CPU.ActiveCfg = Debug|Any CPU
		{4160173D-19AE-E17C-EBEE-B4F8460545AF}.Debug|Any CPU.Build.0 = Debug|Any CPU
		{4160173D-19AE-E17C-EBEE-B4F8460545AF}.Release|Any CPU.ActiveCfg = Release|Any CPU
		{4160173D-19AE-E17C-EBEE-B4F8460545AF}.Release|Any CPU.Build.0 = Release|Any CPU
		{BE4CB3CD-0D69-9D71-BD33-CEE2BE72AD23}.Debug|Any CPU.ActiveCfg = Debug|Any CPU
		{BE4CB3CD-0D69-9D71-BD33-CEE2BE72AD23}.Debug|Any CPU.Build.0 = Debug|Any CPU
		{BE4CB3CD-0D69-9D71-BD33-CEE2BE72AD23}.Release|Any CPU.ActiveCfg = Release|Any CPU
		{BE4CB3CD-0D69-9D71-BD33-CEE2BE72AD23}.Release|Any CPU.Build.0 = Release|Any CPU
		{8D452628-CA05-A1E9-3E08-5D1594CE5AAB}.Debug|Any CPU.ActiveCfg = Debug|Any CPU
		{8D452628-CA05-A1E9-3E08-5D1594CE5AAB}.Debug|Any CPU.Build.0 = Debug|Any CPU
		{8D452628-CA05-A1E9-3E08-5D1594CE5AAB}.Release|Any CPU.ActiveCfg = Release|Any CPU
		{8D452628-CA05-A1E9-3E08-5D1594CE5AAB}.Release|Any CPU.Build.0 = Release|Any CPU
		{B04DE5D1-BFDE-ECC4-51CC-F12922783ACF}.Debug|Any CPU.ActiveCfg = Debug|Any CPU
		{B04DE5D1-BFDE-ECC4-51CC-F12922783ACF}.Debug|Any CPU.Build.0 = Debug|Any CPU
		{B04DE5D1-BFDE-ECC4-51CC-F12922783ACF}.Release|Any CPU.ActiveCfg = Release|Any CPU
		{B04DE5D1-BFDE-ECC4-51CC-F12922783ACF}.Release|Any CPU.Build.0 = Release|Any CPU
		{84B73B27-8837-73E8-7499-1031B9C7175F}.Debug|Any CPU.ActiveCfg = Debug|Any CPU
		{84B73B27-8837-73E8-7499-1031B9C7175F}.Debug|Any CPU.Build.0 = Debug|Any CPU
		{84B73B27-8837-73E8-7499-1031B9C7175F}.Release|Any CPU.ActiveCfg = Release|Any CPU
		{84B73B27-8837-73E8-7499-1031B9C7175F}.Release|Any CPU.Build.0 = Release|Any CPU
		{0542BB26-8AFC-FD1A-8987-19BEC3E2415C}.Debug|Any CPU.ActiveCfg = Debug|Any CPU
		{0542BB26-8AFC-FD1A-8987-19BEC3E2415C}.Debug|Any CPU.Build.0 = Debug|Any CPU
		{0542BB26-8AFC-FD1A-8987-19BEC3E2415C}.Release|Any CPU.ActiveCfg = Release|Any CPU
		{0542BB26-8AFC-FD1A-8987-19BEC3E2415C}.Release|Any CPU.Build.0 = Release|Any CPU
		{48D0E2D9-EFD9-FDA2-3BDA-65E1D68D6CBC}.Debug|Any CPU.ActiveCfg = Debug|Any CPU
		{48D0E2D9-EFD9-FDA2-3BDA-65E1D68D6CBC}.Debug|Any CPU.Build.0 = Debug|Any CPU
		{48D0E2D9-EFD9-FDA2-3BDA-65E1D68D6CBC}.Release|Any CPU.ActiveCfg = Release|Any CPU
		{48D0E2D9-EFD9-FDA2-3BDA-65E1D68D6CBC}.Release|Any CPU.Build.0 = Release|Any CPU
		{17DE86C0-C525-95D9-1260-66631530F66E}.Debug|Any CPU.ActiveCfg = Debug|Any CPU
		{17DE86C0-C525-95D9-1260-66631530F66E}.Debug|Any CPU.Build.0 = Debug|Any CPU
		{17DE86C0-C525-95D9-1260-66631530F66E}.Release|Any CPU.ActiveCfg = Release|Any CPU
		{17DE86C0-C525-95D9-1260-66631530F66E}.Release|Any CPU.Build.0 = Release|Any CPU
		{32F7873A-5DB7-0FC8-3D15-580694E1FCFE}.Debug|Any CPU.ActiveCfg = Debug|Any CPU
		{32F7873A-5DB7-0FC8-3D15-580694E1FCFE}.Debug|Any CPU.Build.0 = Debug|Any CPU
		{32F7873A-5DB7-0FC8-3D15-580694E1FCFE}.Release|Any CPU.ActiveCfg = Release|Any CPU
		{32F7873A-5DB7-0FC8-3D15-580694E1FCFE}.Release|Any CPU.Build.0 = Release|Any CPU
		{6693EC27-DF76-B772-6571-7852BD099A37}.Debug|Any CPU.ActiveCfg = Debug|Any CPU
		{6693EC27-DF76-B772-6571-7852BD099A37}.Debug|Any CPU.Build.0 = Debug|Any CPU
		{6693EC27-DF76-B772-6571-7852BD099A37}.Release|Any CPU.ActiveCfg = Release|Any CPU
		{6693EC27-DF76-B772-6571-7852BD099A37}.Release|Any CPU.Build.0 = Release|Any CPU
	EndGlobalSection
	GlobalSection(SolutionProperties) = preSolution
		HideSolutionNode = FALSE
	EndGlobalSection
EndGlobal
